// !$*UTF8*$!
{
	archiveVersion = 1;
	classes = {
	};
	objectVersion = 56;
	objects = {

/* Begin PBXBuildFile section */
		BBDE221E296B46E4009EDDFF /* AppDelegate.swift in Sources */ = {isa = PBXBuildFile; fileRef = BBDE221D296B46E4009EDDFF /* AppDelegate.swift */; };
		BBDE2220296B46E4009EDDFF /* SceneDelegate.swift in Sources */ = {isa = PBXBuildFile; fileRef = BBDE221F296B46E4009EDDFF /* SceneDelegate.swift */; };
		BBDE2222296B46E4009EDDFF /* WellcomeViewController.swift in Sources */ = {isa = PBXBuildFile; fileRef = BBDE2221296B46E4009EDDFF /* WellcomeViewController.swift */; };
		BBDE2228296B46E4009EDDFF /* WeatherApp.xcdatamodeld in Sources */ = {isa = PBXBuildFile; fileRef = BBDE2226296B46E4009EDDFF /* WeatherApp.xcdatamodeld */; };
		BBDE222A296B46E5009EDDFF /* Assets.xcassets in Resources */ = {isa = PBXBuildFile; fileRef = BBDE2229296B46E5009EDDFF /* Assets.xcassets */; };
		BBDE222D296B46E5009EDDFF /* LaunchScreen.storyboard in Resources */ = {isa = PBXBuildFile; fileRef = BBDE222B296B46E5009EDDFF /* LaunchScreen.storyboard */; };
		BBDE2236296B4B81009EDDFF /* Extentions.swift in Sources */ = {isa = PBXBuildFile; fileRef = BBDE2235296B4B81009EDDFF /* Extentions.swift */; };
		BBDE2238296B4F14009EDDFF /* Resurses.swift in Sources */ = {isa = PBXBuildFile; fileRef = BBDE2237296B4F14009EDDFF /* Resurses.swift */; };
		BBDE223D296B68B6009EDDFF /* Rubik.ttf in Resources */ = {isa = PBXBuildFile; fileRef = BBDE223C296B68B6009EDDFF /* Rubik.ttf */; };
/* End PBXBuildFile section */

/* Begin PBXFileReference section */
		BBDE221A296B46E4009EDDFF /* WeatherApp.app */ = {isa = PBXFileReference; explicitFileType = wrapper.application; includeInIndex = 0; path = WeatherApp.app; sourceTree = BUILT_PRODUCTS_DIR; };
		BBDE221D296B46E4009EDDFF /* AppDelegate.swift */ = {isa = PBXFileReference; lastKnownFileType = sourcecode.swift; path = AppDelegate.swift; sourceTree = "<group>"; };
		BBDE221F296B46E4009EDDFF /* SceneDelegate.swift */ = {isa = PBXFileReference; lastKnownFileType = sourcecode.swift; path = SceneDelegate.swift; sourceTree = "<group>"; };
		BBDE2221296B46E4009EDDFF /* WellcomeViewController.swift */ = {isa = PBXFileReference; lastKnownFileType = sourcecode.swift; path = WellcomeViewController.swift; sourceTree = "<group>"; };
		BBDE2227296B46E4009EDDFF /* WeatherApp.xcdatamodel */ = {isa = PBXFileReference; lastKnownFileType = wrapper.xcdatamodel; path = WeatherApp.xcdatamodel; sourceTree = "<group>"; };
		BBDE2229296B46E5009EDDFF /* Assets.xcassets */ = {isa = PBXFileReference; lastKnownFileType = folder.assetcatalog; path = Assets.xcassets; sourceTree = "<group>"; };
		BBDE222C296B46E5009EDDFF /* Base */ = {isa = PBXFileReference; lastKnownFileType = file.storyboard; name = Base; path = Base.lproj/LaunchScreen.storyboard; sourceTree = "<group>"; };
		BBDE222E296B46E5009EDDFF /* Info.plist */ = {isa = PBXFileReference; lastKnownFileType = text.plist.xml; path = Info.plist; sourceTree = "<group>"; };
		BBDE2235296B4B81009EDDFF /* Extentions.swift */ = {isa = PBXFileReference; lastKnownFileType = sourcecode.swift; path = Extentions.swift; sourceTree = "<group>"; };
		BBDE2237296B4F14009EDDFF /* Resurses.swift */ = {isa = PBXFileReference; lastKnownFileType = sourcecode.swift; path = Resurses.swift; sourceTree = "<group>"; };
		BBDE223C296B68B6009EDDFF /* Rubik.ttf */ = {isa = PBXFileReference; lastKnownFileType = file; path = Rubik.ttf; sourceTree = "<group>"; };
/* End PBXFileReference section */

/* Begin PBXFrameworksBuildPhase section */
		BBDE2217296B46E4009EDDFF /* Frameworks */ = {
			isa = PBXFrameworksBuildPhase;
			buildActionMask = 2147483647;
			files = (
			);
			runOnlyForDeploymentPostprocessing = 0;
		};
/* End PBXFrameworksBuildPhase section */

/* Begin PBXGroup section */
		BBDE2211296B46E4009EDDFF = {
			isa = PBXGroup;
			children = (
				BBDE221C296B46E4009EDDFF /* WeatherApp */,
				BBDE221B296B46E4009EDDFF /* Products */,
			);
			sourceTree = "<group>";
		};
		BBDE221B296B46E4009EDDFF /* Products */ = {
			isa = PBXGroup;
			children = (
				BBDE221A296B46E4009EDDFF /* WeatherApp.app */,
			);
			name = Products;
			sourceTree = "<group>";
		};
		BBDE221C296B46E4009EDDFF /* WeatherApp */ = {
			isa = PBXGroup;
			children = (
				BBDE223A296B5B6A009EDDFF /* Controllers */,
				BBDE2239296B5B48009EDDFF /* HelpedFiles */,
				BBDE2234296B4B60009EDDFF /* AppFiles */,
				BBDE2229296B46E5009EDDFF /* Assets.xcassets */,
				BBDE222B296B46E5009EDDFF /* LaunchScreen.storyboard */,
				BBDE222E296B46E5009EDDFF /* Info.plist */,
				BBDE2226296B46E4009EDDFF /* WeatherApp.xcdatamodeld */,
			);
			path = WeatherApp;
			sourceTree = "<group>";
		};
		BBDE2234296B4B60009EDDFF /* AppFiles */ = {
			isa = PBXGroup;
			children = (
				BBDE221D296B46E4009EDDFF /* AppDelegate.swift */,
				BBDE221F296B46E4009EDDFF /* SceneDelegate.swift */,
			);
			path = AppFiles;
			sourceTree = "<group>";
		};
		BBDE2239296B5B48009EDDFF /* HelpedFiles */ = {
			isa = PBXGroup;
			children = (
				BBDE223B296B68A0009EDDFF /* Fonts */,
				BBDE2237296B4F14009EDDFF /* Resurses.swift */,
				BBDE2235296B4B81009EDDFF /* Extentions.swift */,
			);
			path = HelpedFiles;
			sourceTree = "<group>";
		};
		BBDE223A296B5B6A009EDDFF /* Controllers */ = {
			isa = PBXGroup;
			children = (
				BBDE2221296B46E4009EDDFF /* WellcomeViewController.swift */,
			);
			path = Controllers;
			sourceTree = "<group>";
		};
		BBDE223B296B68A0009EDDFF /* Fonts */ = {
			isa = PBXGroup;
			children = (
				BBDE223C296B68B6009EDDFF /* Rubik.ttf */,
			);
			path = Fonts;
			sourceTree = "<group>";
		};
/* End PBXGroup section */

/* Begin PBXNativeTarget section */
		BBDE2219296B46E4009EDDFF /* WeatherApp */ = {
			isa = PBXNativeTarget;
			buildConfigurationList = BBDE2231296B46E5009EDDFF /* Build configuration list for PBXNativeTarget "WeatherApp" */;
			buildPhases = (
				BBDE2216296B46E4009EDDFF /* Sources */,
				BBDE2217296B46E4009EDDFF /* Frameworks */,
				BBDE2218296B46E4009EDDFF /* Resources */,
			);
			buildRules = (
			);
			dependencies = (
			);
			name = WeatherApp;
			productName = WeatherApp;
			productReference = BBDE221A296B46E4009EDDFF /* WeatherApp.app */;
			productType = "com.apple.product-type.application";
		};
/* End PBXNativeTarget section */

/* Begin PBXProject section */
		BBDE2212296B46E4009EDDFF /* Project object */ = {
			isa = PBXProject;
			attributes = {
				BuildIndependentTargetsInParallel = 1;
				LastSwiftUpdateCheck = 1420;
				LastUpgradeCheck = 1420;
				TargetAttributes = {
					BBDE2219296B46E4009EDDFF = {
						CreatedOnToolsVersion = 14.2;
					};
				};
			};
			buildConfigurationList = BBDE2215296B46E4009EDDFF /* Build configuration list for PBXProject "WeatherApp" */;
			compatibilityVersion = "Xcode 14.0";
			developmentRegion = en;
			hasScannedForEncodings = 0;
			knownRegions = (
				en,
				Base,
			);
			mainGroup = BBDE2211296B46E4009EDDFF;
			productRefGroup = BBDE221B296B46E4009EDDFF /* Products */;
			projectDirPath = "";
			projectRoot = "";
			targets = (
				BBDE2219296B46E4009EDDFF /* WeatherApp */,
			);
		};
/* End PBXProject section */

/* Begin PBXResourcesBuildPhase section */
		BBDE2218296B46E4009EDDFF /* Resources */ = {
			isa = PBXResourcesBuildPhase;
			buildActionMask = 2147483647;
			files = (
				BBDE222D296B46E5009EDDFF /* LaunchScreen.storyboard in Resources */,
				BBDE223D296B68B6009EDDFF /* Rubik.ttf in Resources */,
				BBDE222A296B46E5009EDDFF /* Assets.xcassets in Resources */,
			);
			runOnlyForDeploymentPostprocessing = 0;
		};
/* End PBXResourcesBuildPhase section */

/* Begin PBXSourcesBuildPhase section */
		BBDE2216296B46E4009EDDFF /* Sources */ = {
			isa = PBXSourcesBuildPhase;
			buildActionMask = 2147483647;
			files = (
				BBDE2228296B46E4009EDDFF /* WeatherApp.xcdatamodeld in Sources */,
				BBDE2222296B46E4009EDDFF /* WellcomeViewController.swift in Sources */,
				BBDE2236296B4B81009EDDFF /* Extentions.swift in Sources */,
				BBDE2238296B4F14009EDDFF /* Resurses.swift in Sources */,
				BBDE221E296B46E4009EDDFF /* AppDelegate.swift in Sources */,
				BBDE2220296B46E4009EDDFF /* SceneDelegate.swift in Sources */,
			);
			runOnlyForDeploymentPostprocessing = 0;
		};
/* End PBXSourcesBuildPhase section */

/* Begin PBXVariantGroup section */
		BBDE222B296B46E5009EDDFF /* LaunchScreen.storyboard */ = {
			isa = PBXVariantGroup;
			children = (
				BBDE222C296B46E5009EDDFF /* Base */,
			);
			name = LaunchScreen.storyboard;
			sourceTree = "<group>";
		};
/* End PBXVariantGroup section */

/* Begin XCBuildConfiguration section */
		BBDE222F296B46E5009EDDFF /* Debug */ = {
			isa = XCBuildConfiguration;
			buildSettings = {
				ALWAYS_SEARCH_USER_PATHS = NO;
				CLANG_ANALYZER_NONNULL = YES;
				CLANG_ANALYZER_NUMBER_OBJECT_CONVERSION = YES_AGGRESSIVE;
				CLANG_CXX_LANGUAGE_STANDARD = "gnu++20";
				CLANG_ENABLE_MODULES = YES;
				CLANG_ENABLE_OBJC_ARC = YES;
				CLANG_ENABLE_OBJC_WEAK = YES;
				CLANG_WARN_BLOCK_CAPTURE_AUTORELEASING = YES;
				CLANG_WARN_BOOL_CONVERSION = YES;
				CLANG_WARN_COMMA = YES;
				CLANG_WARN_CONSTANT_CONVERSION = YES;
				CLANG_WARN_DEPRECATED_OBJC_IMPLEMENTATIONS = YES;
				CLANG_WARN_DIRECT_OBJC_ISA_USAGE = YES_ERROR;
				CLANG_WARN_DOCUMENTATION_COMMENTS = YES;
				CLANG_WARN_EMPTY_BODY = YES;
				CLANG_WARN_ENUM_CONVERSION = YES;
				CLANG_WARN_INFINITE_RECURSION = YES;
				CLANG_WARN_INT_CONVERSION = YES;
				CLANG_WARN_NON_LITERAL_NULL_CONVERSION = YES;
				CLANG_WARN_OBJC_IMPLICIT_RETAIN_SELF = YES;
				CLANG_WARN_OBJC_LITERAL_CONVERSION = YES;
				CLANG_WARN_OBJC_ROOT_CLASS = YES_ERROR;
				CLANG_WARN_QUOTED_INCLUDE_IN_FRAMEWORK_HEADER = YES;
				CLANG_WARN_RANGE_LOOP_ANALYSIS = YES;
				CLANG_WARN_STRICT_PROTOTYPES = YES;
				CLANG_WARN_SUSPICIOUS_MOVE = YES;
				CLANG_WARN_UNGUARDED_AVAILABILITY = YES_AGGRESSIVE;
				CLANG_WARN_UNREACHABLE_CODE = YES;
				CLANG_WARN__DUPLICATE_METHOD_MATCH = YES;
				COPY_PHASE_STRIP = NO;
				DEBUG_INFORMATION_FORMAT = dwarf;
				ENABLE_STRICT_OBJC_MSGSEND = YES;
				ENABLE_TESTABILITY = YES;
				GCC_C_LANGUAGE_STANDARD = gnu11;
				GCC_DYNAMIC_NO_PIC = NO;
				GCC_NO_COMMON_BLOCKS = YES;
				GCC_OPTIMIZATION_LEVEL = 0;
				GCC_PREPROCESSOR_DEFINITIONS = (
					"DEBUG=1",
					"$(inherited)",
				);
				GCC_WARN_64_TO_32_BIT_CONVERSION = YES;
				GCC_WARN_ABOUT_RETURN_TYPE = YES_ERROR;
				GCC_WARN_UNDECLARED_SELECTOR = YES;
				GCC_WARN_UNINITIALIZED_AUTOS = YES_AGGRESSIVE;
				GCC_WARN_UNUSED_FUNCTION = YES;
				GCC_WARN_UNUSED_VARIABLE = YES;
				IPHONEOS_DEPLOYMENT_TARGET = 16.2;
				MTL_ENABLE_DEBUG_INFO = INCLUDE_SOURCE;
				MTL_FAST_MATH = YES;
				ONLY_ACTIVE_ARCH = YES;
				SDKROOT = iphoneos;
				SWIFT_ACTIVE_COMPILATION_CONDITIONS = DEBUG;
				SWIFT_OPTIMIZATION_LEVEL = "-Onone";
			};
			name = Debug;
		};
		BBDE2230296B46E5009EDDFF /* Release */ = {
			isa = XCBuildConfiguration;
			buildSettings = {
				ALWAYS_SEARCH_USER_PATHS = NO;
				CLANG_ANALYZER_NONNULL = YES;
				CLANG_ANALYZER_NUMBER_OBJECT_CONVERSION = YES_AGGRESSIVE;
				CLANG_CXX_LANGUAGE_STANDARD = "gnu++20";
				CLANG_ENABLE_MODULES = YES;
				CLANG_ENABLE_OBJC_ARC = YES;
				CLANG_ENABLE_OBJC_WEAK = YES;
				CLANG_WARN_BLOCK_CAPTURE_AUTORELEASING = YES;
				CLANG_WARN_BOOL_CONVERSION = YES;
				CLANG_WARN_COMMA = YES;
				CLANG_WARN_CONSTANT_CONVERSION = YES;
				CLANG_WARN_DEPRECATED_OBJC_IMPLEMENTATIONS = YES;
				CLANG_WARN_DIRECT_OBJC_ISA_USAGE = YES_ERROR;
				CLANG_WARN_DOCUMENTATION_COMMENTS = YES;
				CLANG_WARN_EMPTY_BODY = YES;
				CLANG_WARN_ENUM_CONVERSION = YES;
				CLANG_WARN_INFINITE_RECURSION = YES;
				CLANG_WARN_INT_CONVERSION = YES;
				CLANG_WARN_NON_LITERAL_NULL_CONVERSION = YES;
				CLANG_WARN_OBJC_IMPLICIT_RETAIN_SELF = YES;
				CLANG_WARN_OBJC_LITERAL_CONVERSION = YES;
				CLANG_WARN_OBJC_ROOT_CLASS = YES_ERROR;
				CLANG_WARN_QUOTED_INCLUDE_IN_FRAMEWORK_HEADER = YES;
				CLANG_WARN_RANGE_LOOP_ANALYSIS = YES;
				CLANG_WARN_STRICT_PROTOTYPES = YES;
				CLANG_WARN_SUSPICIOUS_MOVE = YES;
				CLANG_WARN_UNGUARDED_AVAILABILITY = YES_AGGRESSIVE;
				CLANG_WARN_UNREACHABLE_CODE = YES;
				CLANG_WARN__DUPLICATE_METHOD_MATCH = YES;
				COPY_PHASE_STRIP = NO;
				DEBUG_INFORMATION_FORMAT = "dwarf-with-dsym";
				ENABLE_NS_ASSERTIONS = NO;
				ENABLE_STRICT_OBJC_MSGSEND = YES;
				GCC_C_LANGUAGE_STANDARD = gnu11;
				GCC_NO_COMMON_BLOCKS = YES;
				GCC_WARN_64_TO_32_BIT_CONVERSION = YES;
				GCC_WARN_ABOUT_RETURN_TYPE = YES_ERROR;
				GCC_WARN_UNDECLARED_SELECTOR = YES;
				GCC_WARN_UNINITIALIZED_AUTOS = YES_AGGRESSIVE;
				GCC_WARN_UNUSED_FUNCTION = YES;
				GCC_WARN_UNUSED_VARIABLE = YES;
				IPHONEOS_DEPLOYMENT_TARGET = 16.2;
				MTL_ENABLE_DEBUG_INFO = NO;
				MTL_FAST_MATH = YES;
				SDKROOT = iphoneos;
				SWIFT_COMPILATION_MODE = wholemodule;
				SWIFT_OPTIMIZATION_LEVEL = "-O";
				VALIDATE_PRODUCT = YES;
			};
			name = Release;
		};
		BBDE2232296B46E5009EDDFF /* Debug */ = {
			isa = XCBuildConfiguration;
			buildSettings = {
				ASSETCATALOG_COMPILER_APPICON_NAME = AppIcon;
				ASSETCATALOG_COMPILER_GLOBAL_ACCENT_COLOR_NAME = AccentColor;
				CODE_SIGN_STYLE = Automatic;
				CURRENT_PROJECT_VERSION = 1;
				DEVELOPMENT_TEAM = B7CXNVY8HL;
				GENERATE_INFOPLIST_FILE = YES;
				INFOPLIST_FILE = WeatherApp/Info.plist;
				INFOPLIST_KEY_UIApplicationSupportsIndirectInputEvents = YES;
				INFOPLIST_KEY_UILaunchStoryboardName = LaunchScreen;
				INFOPLIST_KEY_UISupportedInterfaceOrientations_iPad = "UIInterfaceOrientationPortrait UIInterfaceOrientationPortraitUpsideDown UIInterfaceOrientationLandscapeLeft UIInterfaceOrientationLandscapeRight";
				INFOPLIST_KEY_UISupportedInterfaceOrientations_iPhone = "UIInterfaceOrientationPortrait UIInterfaceOrientationLandscapeLeft UIInterfaceOrientationLandscapeRight";
				IPHONEOS_DEPLOYMENT_TARGET = 14.0;
				LD_RUNPATH_SEARCH_PATHS = (
					"$(inherited)",
					"@executable_path/Frameworks",
				);
				MARKETING_VERSION = 1.0;
				PRODUCT_BUNDLE_IDENTIFIER = "casporator123-gmail.com.WeatherApp";
				PRODUCT_NAME = "$(TARGET_NAME)";
				SUPPORTED_PLATFORMS = "iphoneos iphonesimulator";
				SUPPORTS_MACCATALYST = NO;
				SUPPORTS_MAC_DESIGNED_FOR_IPHONE_IPAD = NO;
				SWIFT_EMIT_LOC_STRINGS = YES;
				SWIFT_VERSION = 5.0;
				TARGETED_DEVICE_FAMILY = 1;
			};
			name = Debug;
		};
		BBDE2233296B46E5009EDDFF /* Release */ = {
			isa = XCBuildConfiguration;
			buildSettings = {
				ASSETCATALOG_COMPILER_APPICON_NAME = AppIcon;
				ASSETCATALOG_COMPILER_GLOBAL_ACCENT_COLOR_NAME = AccentColor;
				CODE_SIGN_STYLE = Automatic;
				CURRENT_PROJECT_VERSION = 1;
				DEVELOPMENT_TEAM = B7CXNVY8HL;
				GENERATE_INFOPLIST_FILE = YES;
				INFOPLIST_FILE = WeatherApp/Info.plist;
				INFOPLIST_KEY_UIApplicationSupportsIndirectInputEvents = YES;
				INFOPLIST_KEY_UILaunchStoryboardName = LaunchScreen;
				INFOPLIST_KEY_UISupportedInterfaceOrientations_iPad = "UIInterfaceOrientationPortrait UIInterfaceOrientationPortraitUpsideDown UIInterfaceOrientationLandscapeLeft UIInterfaceOrientationLandscapeRight";
				INFOPLIST_KEY_UISupportedInterfaceOrientations_iPhone = "UIInterfaceOrientationPortrait UIInterfaceOrientationLandscapeLeft UIInterfaceOrientationLandscapeRight";
				IPHONEOS_DEPLOYMENT_TARGET = 14.0;
				LD_RUNPATH_SEARCH_PATHS = (
					"$(inherited)",
					"@executable_path/Frameworks",
				);
				MARKETING_VERSION = 1.0;
				PRODUCT_BUNDLE_IDENTIFIER = "casporator123-gmail.com.WeatherApp";
				PRODUCT_NAME = "$(TARGET_NAME)";
				SUPPORTED_PLATFORMS = "iphoneos iphonesimulator";
				SUPPORTS_MACCATALYST = NO;
				SUPPORTS_MAC_DESIGNED_FOR_IPHONE_IPAD = NO;
				SWIFT_EMIT_LOC_STRINGS = YES;
				SWIFT_VERSION = 5.0;
				TARGETED_DEVICE_FAMILY = 1;
			};
			name = Release;
		};
/* End XCBuildConfiguration section */

/* Begin XCConfigurationList section */
		BBDE2215296B46E4009EDDFF /* Build configuration list for PBXProject "WeatherApp" */ = {
			isa = XCConfigurationList;
			buildConfigurations = (
				BBDE222F296B46E5009EDDFF /* Debug */,
				BBDE2230296B46E5009EDDFF /* Release */,
			);
			defaultConfigurationIsVisible = 0;
			defaultConfigurationName = Release;
		};
		BBDE2231296B46E5009EDDFF /* Build configuration list for PBXNativeTarget "WeatherApp" */ = {
			isa = XCConfigurationList;
			buildConfigurations = (
				BBDE2232296B46E5009EDDFF /* Debug */,
				BBDE2233296B46E5009EDDFF /* Release */,
			);
			defaultConfigurationIsVisible = 0;
			defaultConfigurationName = Release;
		};
/* End XCConfigurationList section */

/* Begin XCVersionGroup section */
		BBDE2226296B46E4009EDDFF /* WeatherApp.xcdatamodeld */ = {
			isa = XCVersionGroup;
			children = (
				BBDE2227296B46E4009EDDFF /* WeatherApp.xcdatamodel */,
			);
			currentVersion = BBDE2227296B46E4009EDDFF /* WeatherApp.xcdatamodel */;
			path = WeatherApp.xcdatamodeld;
			sourceTree = "<group>";
			versionGroupType = wrapper.xcdatamodel;
		};
/* End XCVersionGroup section */
	};
	rootObject = BBDE2212296B46E4009EDDFF /* Project object */;
}
